
Microsoft Visual Studio Solution File, Format Version 12.00
# Visual Studio Version 17
VisualStudioVersion = 17.5.33530.505
MinimumVisualStudioVersion = 10.0.40219.1
Project("{FAE04EC0-301F-11D3-BF4B-00C04F79EFBC}") = "discret_alg", "discret_alg\discret_alg.csproj", "{BDE3319D-8B0B-4737-881B-2C8A1453D6B5}"
EndProject
Global
	GlobalSection(SolutionConfigurationPlatforms) = preSolution
		Debug|Any CPU = Debug|Any CPU
		Release|Any CPU = Release|Any CPU
	EndGlobalSection
	GlobalSection(ProjectConfigurationPlatforms) = postSolution
		{BDE3319D-8B0B-4737-881B-2C8A1453D6B5}.Debug|Any CPU.ActiveCfg = Debug|Any CPU
		{BDE3319D-8B0B-4737-881B-2C8A1453D6B5}.Debug|Any CPU.Build.0 = Debug|Any CPU
		{BDE3319D-8B0B-4737-881B-2C8A1453D6B5}.Release|Any CPU.ActiveCfg = Release|Any CPU
		{BDE3319D-8B0B-4737-881B-2C8A1453D6B5}.Release|Any CPU.Build.0 = Release|Any CPU
	EndGlobalSection
	GlobalSection(SolutionProperties) = preSolution
		HideSolutionNode = FALSE
	EndGlobalSection
	GlobalSection(ExtensibilityGlobals) = postSolution
		SolutionGuid = {6B115E90-E245-462A-B22B-C34CC87DAFBE}
	EndGlobalSection
EndGlobal
